// !$*UTF8*$!
{
	archiveVersion = 1;
	classes = {
	};
	objectVersion = 46;
	objects = {

/* Begin PBXBuildFile section */
		CC0B30671EFD6C2500A3629D /* SearchViewController.swift in Sources */ = {isa = PBXBuildFile; fileRef = CC0B30661EFD6C2500A3629D /* SearchViewController.swift */; };
		CC182D451EDE5CB900165731 /* MasterChatViewController.swift in Sources */ = {isa = PBXBuildFile; fileRef = CC182D441EDE5CB900165731 /* MasterChatViewController.swift */; };
		CC19B3DC1ECF96CE003171EB /* Login.storyboard in Resources */ = {isa = PBXBuildFile; fileRef = CC19B3DB1ECF96CE003171EB /* Login.storyboard */; };
		CC19B3E01ECF9884003171EB /* CuisineTableViewCell.swift in Sources */ = {isa = PBXBuildFile; fileRef = CC19B3DF1ECF9884003171EB /* CuisineTableViewCell.swift */; };
		CC19B3E21ECFA9C8003171EB /* SignUpViewController.swift in Sources */ = {isa = PBXBuildFile; fileRef = CC19B3E11ECFA9C8003171EB /* SignUpViewController.swift */; };
		CC19B3E41ECFD1D7003171EB /* NetworkingServices.swift in Sources */ = {isa = PBXBuildFile; fileRef = CC19B3E31ECFD1D7003171EB /* NetworkingServices.swift */; };
		CC2A78C91EE64BD900AA1E2A /* Place.swift in Sources */ = {isa = PBXBuildFile; fileRef = CC2A78C81EE64BD900AA1E2A /* Place.swift */; };
		CC2A78CC1EE64D1500AA1E2A /* Networking.swift in Sources */ = {isa = PBXBuildFile; fileRef = CC2A78CB1EE64D1500AA1E2A /* Networking.swift */; };
		CC4CEC011ED7CD89001FE6BA /* JSQMessagesViewController.framework in Frameworks */ = {isa = PBXBuildFile; fileRef = CC4CEBFF1ED7CD89001FE6BA /* JSQMessagesViewController.framework */; };
		CC4CEC021ED7CD89001FE6BA /* JSQSystemSoundPlayer.framework in Frameworks */ = {isa = PBXBuildFile; fileRef = CC4CEC001ED7CD89001FE6BA /* JSQSystemSoundPlayer.framework */; };
		CC4CEC041ED7CEA2001FE6BA /* Section.swift in Sources */ = {isa = PBXBuildFile; fileRef = CC4CEC031ED7CEA2001FE6BA /* Section.swift */; };
		CC58E56B1ED7C905001443AA /* ChatViewController.swift in Sources */ = {isa = PBXBuildFile; fileRef = CC58E56A1ED7C905001443AA /* ChatViewController.swift */; };
		CCB8743F1ECD2D7900A246F7 /* MasterViewController.swift in Sources */ = {isa = PBXBuildFile; fileRef = CCB8743E1ECD2D7900A246F7 /* MasterViewController.swift */; };
		CCB874411ECD568600A246F7 /* FeaturedContentViewController.swift in Sources */ = {isa = PBXBuildFile; fileRef = CCB874401ECD568600A246F7 /* FeaturedContentViewController.swift */; };
		CCB8B28F1ECA30820080EB1A /* FeaturedContent.xib in Resources */ = {isa = PBXBuildFile; fileRef = CCB8B28E1ECA30820080EB1A /* FeaturedContent.xib */; };
		CCB8B2911ECA325F0080EB1A /* FeaturedContentView.swift in Sources */ = {isa = PBXBuildFile; fileRef = CCB8B2901ECA325F0080EB1A /* FeaturedContentView.swift */; };
		CCBB89091EE634B5007898D1 /* Location.swift in Sources */ = {isa = PBXBuildFile; fileRef = CCBB89081EE634B5007898D1 /* Location.swift */; };
		CCBB890B1EE634D7007898D1 /* Constants.swift in Sources */ = {isa = PBXBuildFile; fileRef = CCBB890A1EE634D7007898D1 /* Constants.swift */; };
		CCD717761EEA4B9800151A4D /* Master.storyboard in Resources */ = {isa = PBXBuildFile; fileRef = CCD717751EEA4B9800151A4D /* Master.storyboard */; };
		CCD717781EEA4BCF00151A4D /* SignUp.storyboard in Resources */ = {isa = PBXBuildFile; fileRef = CCD717771EEA4BCF00151A4D /* SignUp.storyboard */; };
		CCD7177A1EEA4C1400151A4D /* Chat.storyboard in Resources */ = {isa = PBXBuildFile; fileRef = CCD717791EEA4C1400151A4D /* Chat.storyboard */; };
		CCD7177C1EEA5CDE00151A4D /* DetailPlaceViewController.swift in Sources */ = {isa = PBXBuildFile; fileRef = CCD7177B1EEA5CDE00151A4D /* DetailPlaceViewController.swift */; };
		CCDC394D1EF4DE5C000ECACD /* PlaceDataModel.xcdatamodeld in Sources */ = {isa = PBXBuildFile; fileRef = CCDC394B1EF4DE5C000ECACD /* PlaceDataModel.xcdatamodeld */; };
		CCDC394F1EF4DFCD000ECACD /* CoreData.framework in Frameworks */ = {isa = PBXBuildFile; fileRef = CCDC394E1EF4DFCD000ECACD /* CoreData.framework */; };
		CCE4B3071ECF67DE00FF0C75 /* CommunityViewController.swift in Sources */ = {isa = PBXBuildFile; fileRef = CCE4B3061ECF67DE00FF0C75 /* CommunityViewController.swift */; };
		CCE4B3091ECF939400FF0C75 /* GoogleService-Info.plist in Resources */ = {isa = PBXBuildFile; fileRef = CCE4B3081ECF939400FF0C75 /* GoogleService-Info.plist */; };
		CCF573241EC8315D000B91D8 /* AppDelegate.swift in Sources */ = {isa = PBXBuildFile; fileRef = CCF573231EC8315D000B91D8 /* AppDelegate.swift */; };
		CCF573261EC8315D000B91D8 /* LoginViewController.swift in Sources */ = {isa = PBXBuildFile; fileRef = CCF573251EC8315D000B91D8 /* LoginViewController.swift */; };
		CCF5732B1EC8315D000B91D8 /* Assets.xcassets in Resources */ = {isa = PBXBuildFile; fileRef = CCF5732A1EC8315D000B91D8 /* Assets.xcassets */; };
		CCF5732E1EC8315D000B91D8 /* LaunchScreen.storyboard in Resources */ = {isa = PBXBuildFile; fileRef = CCF5732C1EC8315D000B91D8 /* LaunchScreen.storyboard */; };
		CCF573361EC840FC000B91D8 /* CustomTextField.swift in Sources */ = {isa = PBXBuildFile; fileRef = CCF573351EC840FC000B91D8 /* CustomTextField.swift */; };
		CCFD24281ECE89DD00F9FFB6 /* SavedContentViewController.swift in Sources */ = {isa = PBXBuildFile; fileRef = CCFD24271ECE89DD00F9FFB6 /* SavedContentViewController.swift */; };
		CCFF4C601EC991DC00CB19A0 /* NewsTableViewCell.swift in Sources */ = {isa = PBXBuildFile; fileRef = CCFF4C5F1EC991DC00CB19A0 /* NewsTableViewCell.swift */; };
		CCFF4C621EC9920900CB19A0 /* NewsObject.swift in Sources */ = {isa = PBXBuildFile; fileRef = CCFF4C611EC9920900CB19A0 /* NewsObject.swift */; };
		CCFF4C641EC9928400CB19A0 /* CarousellTableViewCell.swift in Sources */ = {isa = PBXBuildFile; fileRef = CCFF4C631EC9928400CB19A0 /* CarousellTableViewCell.swift */; };
		FB9873F2C2A2047F9D791451 /* Pods_TopEats.framework in Frameworks */ = {isa = PBXBuildFile; fileRef = 13AFAA7EC4B55519DE75A088 /* Pods_TopEats.framework */; };
/* End PBXBuildFile section */

/* Begin PBXFileReference section */
		13AFAA7EC4B55519DE75A088 /* Pods_TopEats.framework */ = {isa = PBXFileReference; explicitFileType = wrapper.framework; includeInIndex = 0; path = Pods_TopEats.framework; sourceTree = BUILT_PRODUCTS_DIR; };
		3D5B50CD8D25393AD6271DEA /* Pods-TopEats.release.xcconfig */ = {isa = PBXFileReference; includeInIndex = 1; lastKnownFileType = text.xcconfig; name = "Pods-TopEats.release.xcconfig"; path = "Pods/Target Support Files/Pods-TopEats/Pods-TopEats.release.xcconfig"; sourceTree = "<group>"; };
		CC0B30661EFD6C2500A3629D /* SearchViewController.swift */ = {isa = PBXFileReference; fileEncoding = 4; lastKnownFileType = sourcecode.swift; name = SearchViewController.swift; path = ../SearchViewController.swift; sourceTree = "<group>"; };
		CC182D441EDE5CB900165731 /* MasterChatViewController.swift */ = {isa = PBXFileReference; fileEncoding = 4; lastKnownFileType = sourcecode.swift; path = MasterChatViewController.swift; sourceTree = "<group>"; };
		CC19B3DB1ECF96CE003171EB /* Login.storyboard */ = {isa = PBXFileReference; fileEncoding = 4; lastKnownFileType = file.storyboard; path = Login.storyboard; sourceTree = "<group>"; };
		CC19B3DF1ECF9884003171EB /* CuisineTableViewCell.swift */ = {isa = PBXFileReference; fileEncoding = 4; lastKnownFileType = sourcecode.swift; path = CuisineTableViewCell.swift; sourceTree = "<group>"; };
		CC19B3E11ECFA9C8003171EB /* SignUpViewController.swift */ = {isa = PBXFileReference; fileEncoding = 4; lastKnownFileType = sourcecode.swift; path = SignUpViewController.swift; sourceTree = "<group>"; };
		CC19B3E31ECFD1D7003171EB /* NetworkingServices.swift */ = {isa = PBXFileReference; fileEncoding = 4; lastKnownFileType = sourcecode.swift; path = NetworkingServices.swift; sourceTree = "<group>"; };
		CC2A78C81EE64BD900AA1E2A /* Place.swift */ = {isa = PBXFileReference; fileEncoding = 4; lastKnownFileType = sourcecode.swift; path = Place.swift; sourceTree = "<group>"; };
		CC2A78CB1EE64D1500AA1E2A /* Networking.swift */ = {isa = PBXFileReference; fileEncoding = 4; lastKnownFileType = sourcecode.swift; path = Networking.swift; sourceTree = "<group>"; };
		CC4CEBFE1ED7CB05001FE6BA /* TopEats.entitlements */ = {isa = PBXFileReference; lastKnownFileType = text.plist.entitlements; path = TopEats.entitlements; sourceTree = "<group>"; };
		CC4CEBFF1ED7CD89001FE6BA /* JSQMessagesViewController.framework */ = {isa = PBXFileReference; lastKnownFileType = wrapper.framework; name = JSQMessagesViewController.framework; path = "../../../../Users/mbusihlatshwayo/Library/Developer/Xcode/DerivedData/TopEats-cwfzjinqmeqccubvbhluaxbvrlvl/Build/Products/Debug-iphoneos/JSQMessagesViewController/JSQMessagesViewController.framework"; sourceTree = "<group>"; };
		CC4CEC001ED7CD89001FE6BA /* JSQSystemSoundPlayer.framework */ = {isa = PBXFileReference; lastKnownFileType = wrapper.framework; name = JSQSystemSoundPlayer.framework; path = "../../../../Users/mbusihlatshwayo/Library/Developer/Xcode/DerivedData/TopEats-cwfzjinqmeqccubvbhluaxbvrlvl/Build/Products/Debug-iphoneos/JSQSystemSoundPlayer/JSQSystemSoundPlayer.framework"; sourceTree = "<group>"; };
		CC4CEC031ED7CEA2001FE6BA /* Section.swift */ = {isa = PBXFileReference; fileEncoding = 4; lastKnownFileType = sourcecode.swift; path = Section.swift; sourceTree = "<group>"; };
		CC58E56A1ED7C905001443AA /* ChatViewController.swift */ = {isa = PBXFileReference; fileEncoding = 4; lastKnownFileType = sourcecode.swift; path = ChatViewController.swift; sourceTree = "<group>"; };
		CCB8743E1ECD2D7900A246F7 /* MasterViewController.swift */ = {isa = PBXFileReference; fileEncoding = 4; lastKnownFileType = sourcecode.swift; path = MasterViewController.swift; sourceTree = "<group>"; };
		CCB874401ECD568600A246F7 /* FeaturedContentViewController.swift */ = {isa = PBXFileReference; fileEncoding = 4; lastKnownFileType = sourcecode.swift; name = FeaturedContentViewController.swift; path = ../FeaturedContentViewController.swift; sourceTree = "<group>"; };
		CCB8B28E1ECA30820080EB1A /* FeaturedContent.xib */ = {isa = PBXFileReference; fileEncoding = 4; lastKnownFileType = file.xib; path = FeaturedContent.xib; sourceTree = "<group>"; };
		CCB8B2901ECA325F0080EB1A /* FeaturedContentView.swift */ = {isa = PBXFileReference; fileEncoding = 4; lastKnownFileType = sourcecode.swift; path = FeaturedContentView.swift; sourceTree = "<group>"; };
		CCBB89081EE634B5007898D1 /* Location.swift */ = {isa = PBXFileReference; fileEncoding = 4; lastKnownFileType = sourcecode.swift; path = Location.swift; sourceTree = "<group>"; };
		CCBB890A1EE634D7007898D1 /* Constants.swift */ = {isa = PBXFileReference; fileEncoding = 4; lastKnownFileType = sourcecode.swift; path = Constants.swift; sourceTree = "<group>"; };
		CCD717751EEA4B9800151A4D /* Master.storyboard */ = {isa = PBXFileReference; fileEncoding = 4; lastKnownFileType = file.storyboard; path = Master.storyboard; sourceTree = "<group>"; };
		CCD717771EEA4BCF00151A4D /* SignUp.storyboard */ = {isa = PBXFileReference; fileEncoding = 4; lastKnownFileType = file.storyboard; path = SignUp.storyboard; sourceTree = "<group>"; };
		CCD717791EEA4C1400151A4D /* Chat.storyboard */ = {isa = PBXFileReference; fileEncoding = 4; lastKnownFileType = file.storyboard; path = Chat.storyboard; sourceTree = "<group>"; };
		CCD7177B1EEA5CDE00151A4D /* DetailPlaceViewController.swift */ = {isa = PBXFileReference; fileEncoding = 4; lastKnownFileType = sourcecode.swift; path = DetailPlaceViewController.swift; sourceTree = "<group>"; };
		CCDC394C1EF4DE5C000ECACD /* PlaceDataModel.xcdatamodel */ = {isa = PBXFileReference; lastKnownFileType = wrapper.xcdatamodel; path = PlaceDataModel.xcdatamodel; sourceTree = "<group>"; };
		CCDC394E1EF4DFCD000ECACD /* CoreData.framework */ = {isa = PBXFileReference; lastKnownFileType = wrapper.framework; name = CoreData.framework; path = System/Library/Frameworks/CoreData.framework; sourceTree = SDKROOT; };
		CCE4B3061ECF67DE00FF0C75 /* CommunityViewController.swift */ = {isa = PBXFileReference; fileEncoding = 4; lastKnownFileType = sourcecode.swift; path = CommunityViewController.swift; sourceTree = "<group>"; };
		CCE4B3081ECF939400FF0C75 /* GoogleService-Info.plist */ = {isa = PBXFileReference; fileEncoding = 4; lastKnownFileType = text.plist.xml; path = "GoogleService-Info.plist"; sourceTree = "<group>"; };
		CCF573201EC8315D000B91D8 /* TopEats.app */ = {isa = PBXFileReference; explicitFileType = wrapper.application; includeInIndex = 0; path = TopEats.app; sourceTree = BUILT_PRODUCTS_DIR; };
		CCF573231EC8315D000B91D8 /* AppDelegate.swift */ = {isa = PBXFileReference; lastKnownFileType = sourcecode.swift; path = AppDelegate.swift; sourceTree = "<group>"; };
		CCF573251EC8315D000B91D8 /* LoginViewController.swift */ = {isa = PBXFileReference; lastKnownFileType = sourcecode.swift; path = LoginViewController.swift; sourceTree = "<group>"; };
		CCF5732A1EC8315D000B91D8 /* Assets.xcassets */ = {isa = PBXFileReference; lastKnownFileType = folder.assetcatalog; path = Assets.xcassets; sourceTree = "<group>"; };
		CCF5732D1EC8315D000B91D8 /* Base */ = {isa = PBXFileReference; lastKnownFileType = file.storyboard; name = Base; path = Base.lproj/LaunchScreen.storyboard; sourceTree = "<group>"; };
		CCF5732F1EC8315D000B91D8 /* Info.plist */ = {isa = PBXFileReference; lastKnownFileType = text.plist.xml; path = Info.plist; sourceTree = "<group>"; };
		CCF573351EC840FC000B91D8 /* CustomTextField.swift */ = {isa = PBXFileReference; fileEncoding = 4; lastKnownFileType = sourcecode.swift; path = CustomTextField.swift; sourceTree = "<group>"; };
		CCFD24271ECE89DD00F9FFB6 /* SavedContentViewController.swift */ = {isa = PBXFileReference; fileEncoding = 4; lastKnownFileType = sourcecode.swift; name = SavedContentViewController.swift; path = ../SavedContentViewController.swift; sourceTree = "<group>"; };
		CCFF4C5F1EC991DC00CB19A0 /* NewsTableViewCell.swift */ = {isa = PBXFileReference; fileEncoding = 4; lastKnownFileType = sourcecode.swift; path = NewsTableViewCell.swift; sourceTree = "<group>"; };
		CCFF4C611EC9920900CB19A0 /* NewsObject.swift */ = {isa = PBXFileReference; fileEncoding = 4; lastKnownFileType = sourcecode.swift; path = NewsObject.swift; sourceTree = "<group>"; };
		CCFF4C631EC9928400CB19A0 /* CarousellTableViewCell.swift */ = {isa = PBXFileReference; fileEncoding = 4; lastKnownFileType = sourcecode.swift; path = CarousellTableViewCell.swift; sourceTree = "<group>"; };
		D51C54BB6AF3914E704E4404 /* Pods-TopEats.debug.xcconfig */ = {isa = PBXFileReference; includeInIndex = 1; lastKnownFileType = text.xcconfig; name = "Pods-TopEats.debug.xcconfig"; path = "Pods/Target Support Files/Pods-TopEats/Pods-TopEats.debug.xcconfig"; sourceTree = "<group>"; };
/* End PBXFileReference section */

/* Begin PBXFrameworksBuildPhase section */
		CCF5731D1EC8315D000B91D8 /* Frameworks */ = {
			isa = PBXFrameworksBuildPhase;
			buildActionMask = 2147483647;
			files = (
				CCDC394F1EF4DFCD000ECACD /* CoreData.framework in Frameworks */,
				CC4CEC011ED7CD89001FE6BA /* JSQMessagesViewController.framework in Frameworks */,
				CC4CEC021ED7CD89001FE6BA /* JSQSystemSoundPlayer.framework in Frameworks */,
				FB9873F2C2A2047F9D791451 /* Pods_TopEats.framework in Frameworks */,
			);
			runOnlyForDeploymentPostprocessing = 0;
		};
/* End PBXFrameworksBuildPhase section */

/* Begin PBXGroup section */
		8208C622EC9158CE046DC2F3 /* Pods */ = {
			isa = PBXGroup;
			children = (
				D51C54BB6AF3914E704E4404 /* Pods-TopEats.debug.xcconfig */,
				3D5B50CD8D25393AD6271DEA /* Pods-TopEats.release.xcconfig */,
			);
			name = Pods;
			sourceTree = "<group>";
		};
		B8F7158399F486AE03C8878C /* Frameworks */ = {
			isa = PBXGroup;
			children = (
				CCDC394E1EF4DFCD000ECACD /* CoreData.framework */,
				CC4CEBFF1ED7CD89001FE6BA /* JSQMessagesViewController.framework */,
				CC4CEC001ED7CD89001FE6BA /* JSQSystemSoundPlayer.framework */,
				13AFAA7EC4B55519DE75A088 /* Pods_TopEats.framework */,
			);
			name = Frameworks;
			sourceTree = "<group>";
		};
		CC2A78CA1EE64CF600AA1E2A /* SupportingFunctionality */ = {
			isa = PBXGroup;
			children = (
				CC19B3E31ECFD1D7003171EB /* NetworkingServices.swift */,
				CC2A78CB1EE64D1500AA1E2A /* Networking.swift */,
			);
			name = SupportingFunctionality;
			sourceTree = "<group>";
		};
		CCCB9C891EEE458800837A9D /* Authentication Views */ = {
			isa = PBXGroup;
			children = (
				CCF573251EC8315D000B91D8 /* LoginViewController.swift */,
				CC19B3E11ECFA9C8003171EB /* SignUpViewController.swift */,
			);
			name = "Authentication Views";
			sourceTree = "<group>";
		};
		CCCB9C8A1EEE459E00837A9D /* Base Views */ = {
			isa = PBXGroup;
			children = (
				CC0B30661EFD6C2500A3629D /* SearchViewController.swift */,
				CCD7177B1EEA5CDE00151A4D /* DetailPlaceViewController.swift */,
				CCB874401ECD568600A246F7 /* FeaturedContentViewController.swift */,
				CCB8743E1ECD2D7900A246F7 /* MasterViewController.swift */,
				CCFD24271ECE89DD00F9FFB6 /* SavedContentViewController.swift */,
				CCE4B3061ECF67DE00FF0C75 /* CommunityViewController.swift */,
			);
			name = "Base Views";
			sourceTree = "<group>";
		};
		CCCB9C8B1EEE45C200837A9D /* Chat Views */ = {
			isa = PBXGroup;
			children = (
				CC58E56A1ED7C905001443AA /* ChatViewController.swift */,
				CC182D441EDE5CB900165731 /* MasterChatViewController.swift */,
			);
			name = "Chat Views";
			sourceTree = "<group>";
		};
		CCF573171EC8315D000B91D8 = {
			isa = PBXGroup;
			children = (
				CCDC394B1EF4DE5C000ECACD /* PlaceDataModel.xcdatamodeld */,
				CCF573221EC8315D000B91D8 /* TopEats */,
				CCF573211EC8315D000B91D8 /* Products */,
				8208C622EC9158CE046DC2F3 /* Pods */,
				B8F7158399F486AE03C8878C /* Frameworks */,
			);
			sourceTree = "<group>";
		};
		CCF573211EC8315D000B91D8 /* Products */ = {
			isa = PBXGroup;
			children = (
				CCF573201EC8315D000B91D8 /* TopEats.app */,
			);
			name = Products;
			sourceTree = "<group>";
		};
		CCF573221EC8315D000B91D8 /* TopEats */ = {
			isa = PBXGroup;
			children = (
				CC4CEBFE1ED7CB05001FE6BA /* TopEats.entitlements */,
				CCFF4C651EC9940900CB19A0 /* Custom UI */,
				CC2A78CA1EE64CF600AA1E2A /* SupportingFunctionality */,
				CCFF4C5A1EC95FB500CB19A0 /* Controller */,
				CCFF4C591EC95FB000CB19A0 /* View */,
				CCFF4C581EC95FAA00CB19A0 /* Model */,
				CCF573231EC8315D000B91D8 /* AppDelegate.swift */,
				CCF5732A1EC8315D000B91D8 /* Assets.xcassets */,
				CCF5732F1EC8315D000B91D8 /* Info.plist */,
				CCE4B3081ECF939400FF0C75 /* GoogleService-Info.plist */,
			);
			path = TopEats;
			sourceTree = "<group>";
		};
		CCFF4C581EC95FAA00CB19A0 /* Model */ = {
			isa = PBXGroup;
			children = (
				CC4CEC031ED7CEA2001FE6BA /* Section.swift */,
				CCFF4C611EC9920900CB19A0 /* NewsObject.swift */,
				CCBB89081EE634B5007898D1 /* Location.swift */,
				CCBB890A1EE634D7007898D1 /* Constants.swift */,
				CC2A78C81EE64BD900AA1E2A /* Place.swift */,
			);
			name = Model;
			sourceTree = "<group>";
		};
		CCFF4C591EC95FB000CB19A0 /* View */ = {
			isa = PBXGroup;
			children = (
				CCB8B28E1ECA30820080EB1A /* FeaturedContent.xib */,
				CCF5732C1EC8315D000B91D8 /* LaunchScreen.storyboard */,
				CC19B3DB1ECF96CE003171EB /* Login.storyboard */,
				CCD717771EEA4BCF00151A4D /* SignUp.storyboard */,
				CCD717751EEA4B9800151A4D /* Master.storyboard */,
				CCD717791EEA4C1400151A4D /* Chat.storyboard */,
			);
			name = View;
			sourceTree = "<group>";
		};
		CCFF4C5A1EC95FB500CB19A0 /* Controller */ = {
			isa = PBXGroup;
			children = (
				CCCB9C8B1EEE45C200837A9D /* Chat Views */,
				CCCB9C8A1EEE459E00837A9D /* Base Views */,
				CCCB9C891EEE458800837A9D /* Authentication Views */,
			);
			name = Controller;
			sourceTree = "<group>";
		};
		CCFF4C651EC9940900CB19A0 /* Custom UI */ = {
			isa = PBXGroup;
			children = (
				CCF573351EC840FC000B91D8 /* CustomTextField.swift */,
				CCFF4C631EC9928400CB19A0 /* CarousellTableViewCell.swift */,
				CCB8B2901ECA325F0080EB1A /* FeaturedContentView.swift */,
				CCFF4C5F1EC991DC00CB19A0 /* NewsTableViewCell.swift */,
				CC19B3DF1ECF9884003171EB /* CuisineTableViewCell.swift */,
			);
			name = "Custom UI";
			sourceTree = "<group>";
		};
/* End PBXGroup section */

/* Begin PBXNativeTarget section */
		CCF5731F1EC8315D000B91D8 /* TopEats */ = {
			isa = PBXNativeTarget;
			buildConfigurationList = CCF573321EC8315D000B91D8 /* Build configuration list for PBXNativeTarget "TopEats" */;
			buildPhases = (
				4A825614C538A6D4F8C4D93C /* [CP] Check Pods Manifest.lock */,
				CCF5731C1EC8315D000B91D8 /* Sources */,
				CCF5731D1EC8315D000B91D8 /* Frameworks */,
				CCF5731E1EC8315D000B91D8 /* Resources */,
				5285A1AFE2DDA553326E0162 /* [CP] Embed Pods Frameworks */,
				EFC2E91C37C96CB6EBEE8505 /* [CP] Copy Pods Resources */,
			);
			buildRules = (
			);
			dependencies = (
			);
			name = TopEats;
			productName = TopEats;
			productReference = CCF573201EC8315D000B91D8 /* TopEats.app */;
			productType = "com.apple.product-type.application";
		};
/* End PBXNativeTarget section */

/* Begin PBXProject section */
		CCF573181EC8315D000B91D8 /* Project object */ = {
			isa = PBXProject;
			attributes = {
				LastSwiftUpdateCheck = 0830;
				LastUpgradeCheck = 1020;
				ORGANIZATIONNAME = RainbowApps;
				TargetAttributes = {
					CCF5731F1EC8315D000B91D8 = {
						CreatedOnToolsVersion = 8.3.2;
						DevelopmentTeam = CM33HK3T4N;
						ProvisioningStyle = Automatic;
						SystemCapabilities = {
							com.apple.Keychain = {
								enabled = 1;
							};
						};
					};
				};
			};
			buildConfigurationList = CCF5731B1EC8315D000B91D8 /* Build configuration list for PBXProject "TopEats" */;
			compatibilityVersion = "Xcode 3.2";
			developmentRegion = en;
			hasScannedForEncodings = 0;
			knownRegions = (
				en,
				Base,
			);
			mainGroup = CCF573171EC8315D000B91D8;
			productRefGroup = CCF573211EC8315D000B91D8 /* Products */;
			projectDirPath = "";
			projectRoot = "";
			targets = (
				CCF5731F1EC8315D000B91D8 /* TopEats */,
			);
		};
/* End PBXProject section */

/* Begin PBXResourcesBuildPhase section */
		CCF5731E1EC8315D000B91D8 /* Resources */ = {
			isa = PBXResourcesBuildPhase;
			buildActionMask = 2147483647;
			files = (
				CCF5732E1EC8315D000B91D8 /* LaunchScreen.storyboard in Resources */,
				CCF5732B1EC8315D000B91D8 /* Assets.xcassets in Resources */,
				CC19B3DC1ECF96CE003171EB /* Login.storyboard in Resources */,
				CCE4B3091ECF939400FF0C75 /* GoogleService-Info.plist in Resources */,
				CCD717761EEA4B9800151A4D /* Master.storyboard in Resources */,
				CCD717781EEA4BCF00151A4D /* SignUp.storyboard in Resources */,
				CCD7177A1EEA4C1400151A4D /* Chat.storyboard in Resources */,
				CCB8B28F1ECA30820080EB1A /* FeaturedContent.xib in Resources */,
			);
			runOnlyForDeploymentPostprocessing = 0;
		};
/* End PBXResourcesBuildPhase section */

/* Begin PBXShellScriptBuildPhase section */
		4A825614C538A6D4F8C4D93C /* [CP] Check Pods Manifest.lock */ = {
			isa = PBXShellScriptBuildPhase;
			buildActionMask = 2147483647;
			files = (
			);
			inputPaths = (
				"${PODS_PODFILE_DIR_PATH}/Podfile.lock",
				"${PODS_ROOT}/Manifest.lock",
			);
			name = "[CP] Check Pods Manifest.lock";
			outputPaths = (
				"$(DERIVED_FILE_DIR)/Pods-TopEats-checkManifestLockResult.txt",
			);
			runOnlyForDeploymentPostprocessing = 0;
			shellPath = /bin/sh;
			shellScript = "diff \"${PODS_PODFILE_DIR_PATH}/Podfile.lock\" \"${PODS_ROOT}/Manifest.lock\" > /dev/null\nif [ $? != 0 ] ; then\n    # print error to STDERR\n    echo \"error: The sandbox is not in sync with the Podfile.lock. Run 'pod install' or update your CocoaPods installation.\" >&2\n    exit 1\nfi\n# This output is used by Xcode 'outputs' to avoid re-running this script phase.\necho \"SUCCESS\" > \"${SCRIPT_OUTPUT_FILE_0}\"\n";
			showEnvVarsInLog = 0;
		};
		5285A1AFE2DDA553326E0162 /* [CP] Embed Pods Frameworks */ = {
			isa = PBXShellScriptBuildPhase;
			buildActionMask = 2147483647;
			files = (
			);
			inputPaths = (
				"${PODS_ROOT}/Target Support Files/Pods-TopEats/Pods-TopEats-frameworks.sh",
				"${BUILT_PRODUCTS_DIR}/Alamofire/Alamofire.framework",
				"${BUILT_PRODUCTS_DIR}/GTMSessionFetcher/GTMSessionFetcher.framework",
				"${BUILT_PRODUCTS_DIR}/GoogleUtilities/GoogleUtilities.framework",
				"${BUILT_PRODUCTS_DIR}/JSQMessagesViewController/JSQMessagesViewController.framework",
				"${BUILT_PRODUCTS_DIR}/JSQSystemSoundPlayer/JSQSystemSoundPlayer.framework",
				"${BUILT_PRODUCTS_DIR}/NVActivityIndicatorView/NVActivityIndicatorView.framework",
				"${BUILT_PRODUCTS_DIR}/SDWebImage/SDWebImage.framework",
				"${BUILT_PRODUCTS_DIR}/SwiftyStarRatingView/SwiftyStarRatingView.framework",
				"${BUILT_PRODUCTS_DIR}/leveldb-library/leveldb.framework",
				"${BUILT_PRODUCTS_DIR}/nanopb/nanopb.framework",
			);
			name = "[CP] Embed Pods Frameworks";
			outputPaths = (
				"${TARGET_BUILD_DIR}/${FRAMEWORKS_FOLDER_PATH}/Alamofire.framework",
				"${TARGET_BUILD_DIR}/${FRAMEWORKS_FOLDER_PATH}/GTMSessionFetcher.framework",
				"${TARGET_BUILD_DIR}/${FRAMEWORKS_FOLDER_PATH}/GoogleUtilities.framework",
				"${TARGET_BUILD_DIR}/${FRAMEWORKS_FOLDER_PATH}/JSQMessagesViewController.framework",
				"${TARGET_BUILD_DIR}/${FRAMEWORKS_FOLDER_PATH}/JSQSystemSoundPlayer.framework",
				"${TARGET_BUILD_DIR}/${FRAMEWORKS_FOLDER_PATH}/NVActivityIndicatorView.framework",
				"${TARGET_BUILD_DIR}/${FRAMEWORKS_FOLDER_PATH}/SDWebImage.framework",
				"${TARGET_BUILD_DIR}/${FRAMEWORKS_FOLDER_PATH}/SwiftyStarRatingView.framework",
				"${TARGET_BUILD_DIR}/${FRAMEWORKS_FOLDER_PATH}/leveldb.framework",
				"${TARGET_BUILD_DIR}/${FRAMEWORKS_FOLDER_PATH}/nanopb.framework",
			);
			runOnlyForDeploymentPostprocessing = 0;
			shellPath = /bin/sh;
			shellScript = "\"${PODS_ROOT}/Target Support Files/Pods-TopEats/Pods-TopEats-frameworks.sh\"\n";
			showEnvVarsInLog = 0;
		};
		EFC2E91C37C96CB6EBEE8505 /* [CP] Copy Pods Resources */ = {
			isa = PBXShellScriptBuildPhase;
			buildActionMask = 2147483647;
			files = (
			);
			inputPaths = (
				"${PODS_ROOT}/Target Support Files/Pods-TopEats/Pods-TopEats-resources.sh",
				"${PODS_ROOT}/GoogleMaps/Maps/Frameworks/GoogleMaps.framework/Resources/GoogleMaps.bundle",
				"${PODS_ROOT}/GooglePlaces/Frameworks/GooglePlaces.framework/Resources/GooglePlaces.bundle",
			);
			name = "[CP] Copy Pods Resources";
			outputPaths = (
				"${TARGET_BUILD_DIR}/${UNLOCALIZED_RESOURCES_FOLDER_PATH}/GoogleMaps.bundle",
				"${TARGET_BUILD_DIR}/${UNLOCALIZED_RESOURCES_FOLDER_PATH}/GooglePlaces.bundle",
			);
			runOnlyForDeploymentPostprocessing = 0;
			shellPath = /bin/sh;
			shellScript = "\"${PODS_ROOT}/Target Support Files/Pods-TopEats/Pods-TopEats-resources.sh\"\n";
			showEnvVarsInLog = 0;
		};
/* End PBXShellScriptBuildPhase section */

/* Begin PBXSourcesBuildPhase section */
		CCF5731C1EC8315D000B91D8 /* Sources */ = {
			isa = PBXSourcesBuildPhase;
			buildActionMask = 2147483647;
			files = (
				CCDC394D1EF4DE5C000ECACD /* PlaceDataModel.xcdatamodeld in Sources */,
				CCB874411ECD568600A246F7 /* FeaturedContentViewController.swift in Sources */,
				CCBB890B1EE634D7007898D1 /* Constants.swift in Sources */,
				CC4CEC041ED7CEA2001FE6BA /* Section.swift in Sources */,
				CCF573261EC8315D000B91D8 /* LoginViewController.swift in Sources */,
				CCFD24281ECE89DD00F9FFB6 /* SavedContentViewController.swift in Sources */,
				CCBB89091EE634B5007898D1 /* Location.swift in Sources */,
				CC2A78CC1EE64D1500AA1E2A /* Networking.swift in Sources */,
				CC19B3E41ECFD1D7003171EB /* NetworkingServices.swift in Sources */,
				CCF573241EC8315D000B91D8 /* AppDelegate.swift in Sources */,
				CCB8B2911ECA325F0080EB1A /* FeaturedContentView.swift in Sources */,
				CCFF4C601EC991DC00CB19A0 /* NewsTableViewCell.swift in Sources */,
				CCFF4C641EC9928400CB19A0 /* CarousellTableViewCell.swift in Sources */,
				CCB8743F1ECD2D7900A246F7 /* MasterViewController.swift in Sources */,
				CC19B3E01ECF9884003171EB /* CuisineTableViewCell.swift in Sources */,
				CCFF4C621EC9920900CB19A0 /* NewsObject.swift in Sources */,
				CC182D451EDE5CB900165731 /* MasterChatViewController.swift in Sources */,
				CCE4B3071ECF67DE00FF0C75 /* CommunityViewController.swift in Sources */,
				CC0B30671EFD6C2500A3629D /* SearchViewController.swift in Sources */,
				CC19B3E21ECFA9C8003171EB /* SignUpViewController.swift in Sources */,
				CC58E56B1ED7C905001443AA /* ChatViewController.swift in Sources */,
				CCD7177C1EEA5CDE00151A4D /* DetailPlaceViewController.swift in Sources */,
				CCF573361EC840FC000B91D8 /* CustomTextField.swift in Sources */,
				CC2A78C91EE64BD900AA1E2A /* Place.swift in Sources */,
			);
			runOnlyForDeploymentPostprocessing = 0;
		};
/* End PBXSourcesBuildPhase section */

/* Begin PBXVariantGroup section */
		CCF5732C1EC8315D000B91D8 /* LaunchScreen.storyboard */ = {
			isa = PBXVariantGroup;
			children = (
				CCF5732D1EC8315D000B91D8 /* Base */,
			);
			name = LaunchScreen.storyboard;
			sourceTree = "<group>";
		};
/* End PBXVariantGroup section */

/* Begin XCBuildConfiguration section */
		CCF573301EC8315D000B91D8 /* Debug */ = {
			isa = XCBuildConfiguration;
			buildSettings = {
				ALWAYS_SEARCH_USER_PATHS = NO;
				CLANG_ANALYZER_LOCALIZABILITY_NONLOCALIZED = YES;
				CLANG_ANALYZER_NONNULL = YES;
				CLANG_ANALYZER_NUMBER_OBJECT_CONVERSION = YES_AGGRESSIVE;
				CLANG_CXX_LANGUAGE_STANDARD = "gnu++0x";
				CLANG_CXX_LIBRARY = "libc++";
				CLANG_ENABLE_MODULES = YES;
				CLANG_ENABLE_OBJC_ARC = YES;
				CLANG_WARN_BLOCK_CAPTURE_AUTORELEASING = YES;
				CLANG_WARN_BOOL_CONVERSION = YES;
				CLANG_WARN_COMMA = YES;
				CLANG_WARN_CONSTANT_CONVERSION = YES;
				CLANG_WARN_DEPRECATED_OBJC_IMPLEMENTATIONS = YES;
				CLANG_WARN_DIRECT_OBJC_ISA_USAGE = YES_ERROR;
				CLANG_WARN_DOCUMENTATION_COMMENTS = YES;
				CLANG_WARN_EMPTY_BODY = YES;
				CLANG_WARN_ENUM_CONVERSION = YES;
				CLANG_WARN_INFINITE_RECURSION = YES;
				CLANG_WARN_INT_CONVERSION = YES;
				CLANG_WARN_NON_LITERAL_NULL_CONVERSION = YES;
				CLANG_WARN_OBJC_IMPLICIT_RETAIN_SELF = YES;
				CLANG_WARN_OBJC_LITERAL_CONVERSION = YES;
				CLANG_WARN_OBJC_ROOT_CLASS = YES_ERROR;
				CLANG_WARN_RANGE_LOOP_ANALYSIS = YES;
				CLANG_WARN_STRICT_PROTOTYPES = YES;
				CLANG_WARN_SUSPICIOUS_MOVE = YES;
				CLANG_WARN_UNREACHABLE_CODE = YES;
				CLANG_WARN__DUPLICATE_METHOD_MATCH = YES;
				"CODE_SIGN_IDENTITY[sdk=iphoneos*]" = "iPhone Developer";
				COPY_PHASE_STRIP = NO;
				DEBUG_INFORMATION_FORMAT = dwarf;
				ENABLE_STRICT_OBJC_MSGSEND = YES;
				ENABLE_TESTABILITY = YES;
				GCC_C_LANGUAGE_STANDARD = gnu99;
				GCC_DYNAMIC_NO_PIC = NO;
				GCC_NO_COMMON_BLOCKS = YES;
				GCC_OPTIMIZATION_LEVEL = 0;
				GCC_PREPROCESSOR_DEFINITIONS = (
					"DEBUG=1",
					"$(inherited)",
				);
				GCC_WARN_64_TO_32_BIT_CONVERSION = YES;
				GCC_WARN_ABOUT_RETURN_TYPE = YES_ERROR;
				GCC_WARN_UNDECLARED_SELECTOR = YES;
				GCC_WARN_UNINITIALIZED_AUTOS = YES_AGGRESSIVE;
				GCC_WARN_UNUSED_FUNCTION = YES;
				GCC_WARN_UNUSED_VARIABLE = YES;
				IPHONEOS_DEPLOYMENT_TARGET = 10.3;
				MTL_ENABLE_DEBUG_INFO = YES;
				ONLY_ACTIVE_ARCH = YES;
				SDKROOT = iphoneos;
				SWIFT_ACTIVE_COMPILATION_CONDITIONS = DEBUG;
				SWIFT_OPTIMIZATION_LEVEL = "-Onone";
			};
			name = Debug;
		};
		CCF573311EC8315D000B91D8 /* Release */ = {
			isa = XCBuildConfiguration;
			buildSettings = {
				ALWAYS_SEARCH_USER_PATHS = NO;
				CLANG_ANALYZER_LOCALIZABILITY_NONLOCALIZED = YES;
				CLANG_ANALYZER_NONNULL = YES;
				CLANG_ANALYZER_NUMBER_OBJECT_CONVERSION = YES_AGGRESSIVE;
				CLANG_CXX_LANGUAGE_STANDARD = "gnu++0x";
				CLANG_CXX_LIBRARY = "libc++";
				CLANG_ENABLE_MODULES = YES;
				CLANG_ENABLE_OBJC_ARC = YES;
				CLANG_WARN_BLOCK_CAPTURE_AUTORELEASING = YES;
				CLANG_WARN_BOOL_CONVERSION = YES;
				CLANG_WARN_COMMA = YES;
				CLANG_WARN_CONSTANT_CONVERSION = YES;
				CLANG_WARN_DEPRECATED_OBJC_IMPLEMENTATIONS = YES;
				CLANG_WARN_DIRECT_OBJC_ISA_USAGE = YES_ERROR;
				CLANG_WARN_DOCUMENTATION_COMMENTS = YES;
				CLANG_WARN_EMPTY_BODY = YES;
				CLANG_WARN_ENUM_CONVERSION = YES;
				CLANG_WARN_INFINITE_RECURSION = YES;
				CLANG_WARN_INT_CONVERSION = YES;
				CLANG_WARN_NON_LITERAL_NULL_CONVERSION = YES;
				CLANG_WARN_OBJC_IMPLICIT_RETAIN_SELF = YES;
				CLANG_WARN_OBJC_LITERAL_CONVERSION = YES;
				CLANG_WARN_OBJC_ROOT_CLASS = YES_ERROR;
				CLANG_WARN_RANGE_LOOP_ANALYSIS = YES;
				CLANG_WARN_STRICT_PROTOTYPES = YES;
				CLANG_WARN_SUSPICIOUS_MOVE = YES;
				CLANG_WARN_UNREACHABLE_CODE = YES;
				CLANG_WARN__DUPLICATE_METHOD_MATCH = YES;
				"CODE_SIGN_IDENTITY[sdk=iphoneos*]" = "iPhone Developer";
				COPY_PHASE_STRIP = NO;
				DEBUG_INFORMATION_FORMAT = "dwarf-with-dsym";
				ENABLE_NS_ASSERTIONS = NO;
				ENABLE_STRICT_OBJC_MSGSEND = YES;
				GCC_C_LANGUAGE_STANDARD = gnu99;
				GCC_NO_COMMON_BLOCKS = YES;
				GCC_WARN_64_TO_32_BIT_CONVERSION = YES;
				GCC_WARN_ABOUT_RETURN_TYPE = YES_ERROR;
				GCC_WARN_UNDECLARED_SELECTOR = YES;
				GCC_WARN_UNINITIALIZED_AUTOS = YES_AGGRESSIVE;
				GCC_WARN_UNUSED_FUNCTION = YES;
				GCC_WARN_UNUSED_VARIABLE = YES;
				IPHONEOS_DEPLOYMENT_TARGET = 10.3;
				MTL_ENABLE_DEBUG_INFO = NO;
				SDKROOT = iphoneos;
				SWIFT_OPTIMIZATION_LEVEL = "-Owholemodule";
				VALIDATE_PRODUCT = YES;
			};
			name = Release;
		};
		CCF573331EC8315D000B91D8 /* Debug */ = {
			isa = XCBuildConfiguration;
			baseConfigurationReference = D51C54BB6AF3914E704E4404 /* Pods-TopEats.debug.xcconfig */;
			buildSettings = {
				ASSETCATALOG_COMPILER_APPICON_NAME = AppIcon;
				CODE_SIGN_ENTITLEMENTS = TopEats/TopEats.entitlements;
				"CODE_SIGN_IDENTITY[sdk=iphoneos*]" = "iPhone Developer";
				DEVELOPMENT_TEAM = CM33HK3T4N;
				INFOPLIST_FILE = TopEats/Info.plist;
				IPHONEOS_DEPLOYMENT_TARGET = 10.0;
				LD_RUNPATH_SEARCH_PATHS = "$(inherited) @executable_path/Frameworks";
				MARKETING_VERSION = 1.3;
				PRODUCT_BUNDLE_IDENTIFIER = com.mbusi.TopEats1;
				PRODUCT_NAME = "$(TARGET_NAME)";
				PROVISIONING_PROFILE = "";
				PROVISIONING_PROFILE_SPECIFIER = "";
				SWIFT_VERSION = 5.0;
			};
			name = Debug;
		};
		CCF573341EC8315D000B91D8 /* Release */ = {
			isa = XCBuildConfiguration;
			baseConfigurationReference = 3D5B50CD8D25393AD6271DEA /* Pods-TopEats.release.xcconfig */;
			buildSettings = {
				ASSETCATALOG_COMPILER_APPICON_NAME = AppIcon;
				CODE_SIGN_ENTITLEMENTS = TopEats/TopEats.entitlements;
				"CODE_SIGN_IDENTITY[sdk=iphoneos*]" = "iPhone Developer";
				DEVELOPMENT_TEAM = CM33HK3T4N;
				INFOPLIST_FILE = TopEats/Info.plist;
				IPHONEOS_DEPLOYMENT_TARGET = 10.0;
				LD_RUNPATH_SEARCH_PATHS = "$(inherited) @executable_path/Frameworks";
				MARKETING_VERSION = 1.3;
				PRODUCT_BUNDLE_IDENTIFIER = com.mbusi.TopEats1;
				PRODUCT_NAME = "$(TARGET_NAME)";
				PROVISIONING_PROFILE = "";
				PROVISIONING_PROFILE_SPECIFIER = "";
				SWIFT_VERSION = 5.0;
			};
			name = Release;
		};
/* End XCBuildConfiguration section */

/* Begin XCConfigurationList section */
		CCF5731B1EC8315D000B91D8 /* Build configuration list for PBXProject "TopEats" */ = {
			isa = XCConfigurationList;
			buildConfigurations = (
				CCF573301EC8315D000B91D8 /* Debug */,
				CCF573311EC8315D000B91D8 /* Release */,
			);
			defaultConfigurationIsVisible = 0;
			defaultConfigurationName = Release;
		};
		CCF573321EC8315D000B91D8 /* Build configuration list for PBXNativeTarget "TopEats" */ = {
			isa = XCConfigurationList;
			buildConfigurations = (
				CCF573331EC8315D000B91D8 /* Debug */,
				CCF573341EC8315D000B91D8 /* Release */,
			);
			defaultConfigurationIsVisible = 0;
			defaultConfigurationName = Release;
		};
/* End XCConfigurationList section */

/* Begin XCVersionGroup section */
		CCDC394B1EF4DE5C000ECACD /* PlaceDataModel.xcdatamodeld */ = {
			isa = XCVersionGroup;
			children = (
				CCDC394C1EF4DE5C000ECACD /* PlaceDataModel.xcdatamodel */,
			);
			currentVersion = CCDC394C1EF4DE5C000ECACD /* PlaceDataModel.xcdatamodel */;
			path = PlaceDataModel.xcdatamodeld;
			sourceTree = "<group>";
			versionGroupType = wrapper.xcdatamodel;
		};
/* End XCVersionGroup section */
	};
	rootObject = CCF573181EC8315D000B91D8 /* Project object */;
}
