// !$*UTF8*$!
{
	archiveVersion = 1;
	classes = {
	};
	objectVersion = 46;
	objects = {

/* Begin PBXBuildFile section */
		CCB8743F1ECD2D7900A246F7 /* MasterViewController.swift in Sources */ = {isa = PBXBuildFile; fileRef = CCB8743E1ECD2D7900A246F7 /* MasterViewController.swift */; };
		CCB874411ECD568600A246F7 /* FeaturedContentViewController.swift in Sources */ = {isa = PBXBuildFile; fileRef = CCB874401ECD568600A246F7 /* FeaturedContentViewController.swift */; };
		CCB8B28F1ECA30820080EB1A /* FeaturedContent.xib in Resources */ = {isa = PBXBuildFile; fileRef = CCB8B28E1ECA30820080EB1A /* FeaturedContent.xib */; };
		CCB8B2911ECA325F0080EB1A /* FeaturedContentView.swift in Sources */ = {isa = PBXBuildFile; fileRef = CCB8B2901ECA325F0080EB1A /* FeaturedContentView.swift */; };
		CCF573241EC8315D000B91D8 /* AppDelegate.swift in Sources */ = {isa = PBXBuildFile; fileRef = CCF573231EC8315D000B91D8 /* AppDelegate.swift */; };
		CCF573261EC8315D000B91D8 /* ViewController.swift in Sources */ = {isa = PBXBuildFile; fileRef = CCF573251EC8315D000B91D8 /* ViewController.swift */; };
		CCF573291EC8315D000B91D8 /* Main.storyboard in Resources */ = {isa = PBXBuildFile; fileRef = CCF573271EC8315D000B91D8 /* Main.storyboard */; };
		CCF5732B1EC8315D000B91D8 /* Assets.xcassets in Resources */ = {isa = PBXBuildFile; fileRef = CCF5732A1EC8315D000B91D8 /* Assets.xcassets */; };
		CCF5732E1EC8315D000B91D8 /* LaunchScreen.storyboard in Resources */ = {isa = PBXBuildFile; fileRef = CCF5732C1EC8315D000B91D8 /* LaunchScreen.storyboard */; };
		CCF573361EC840FC000B91D8 /* CustomTextField.swift in Sources */ = {isa = PBXBuildFile; fileRef = CCF573351EC840FC000B91D8 /* CustomTextField.swift */; };
		CCFF4C601EC991DC00CB19A0 /* NewsTableViewCell.swift in Sources */ = {isa = PBXBuildFile; fileRef = CCFF4C5F1EC991DC00CB19A0 /* NewsTableViewCell.swift */; };
		CCFF4C621EC9920900CB19A0 /* NewsObject.swift in Sources */ = {isa = PBXBuildFile; fileRef = CCFF4C611EC9920900CB19A0 /* NewsObject.swift */; };
		CCFF4C641EC9928400CB19A0 /* CarousellTableViewCell.swift in Sources */ = {isa = PBXBuildFile; fileRef = CCFF4C631EC9928400CB19A0 /* CarousellTableViewCell.swift */; };
/* End PBXBuildFile section */

/* Begin PBXFileReference section */
		CCB8743E1ECD2D7900A246F7 /* MasterViewController.swift */ = {isa = PBXFileReference; fileEncoding = 4; lastKnownFileType = sourcecode.swift; path = MasterViewController.swift; sourceTree = "<group>"; };
		CCB874401ECD568600A246F7 /* FeaturedContentViewController.swift */ = {isa = PBXFileReference; fileEncoding = 4; lastKnownFileType = sourcecode.swift; name = FeaturedContentViewController.swift; path = ../FeaturedContentViewController.swift; sourceTree = "<group>"; };
		CCB8B28E1ECA30820080EB1A /* FeaturedContent.xib */ = {isa = PBXFileReference; fileEncoding = 4; lastKnownFileType = file.xib; path = FeaturedContent.xib; sourceTree = "<group>"; };
		CCB8B2901ECA325F0080EB1A /* FeaturedContentView.swift */ = {isa = PBXFileReference; fileEncoding = 4; lastKnownFileType = sourcecode.swift; path = FeaturedContentView.swift; sourceTree = "<group>"; };
		CCF573201EC8315D000B91D8 /* TopEats.app */ = {isa = PBXFileReference; explicitFileType = wrapper.application; includeInIndex = 0; path = TopEats.app; sourceTree = BUILT_PRODUCTS_DIR; };
		CCF573231EC8315D000B91D8 /* AppDelegate.swift */ = {isa = PBXFileReference; lastKnownFileType = sourcecode.swift; path = AppDelegate.swift; sourceTree = "<group>"; };
		CCF573251EC8315D000B91D8 /* ViewController.swift */ = {isa = PBXFileReference; lastKnownFileType = sourcecode.swift; path = ViewController.swift; sourceTree = "<group>"; };
		CCF573281EC8315D000B91D8 /* Base */ = {isa = PBXFileReference; lastKnownFileType = file.storyboard; name = Base; path = Base.lproj/Main.storyboard; sourceTree = "<group>"; };
		CCF5732A1EC8315D000B91D8 /* Assets.xcassets */ = {isa = PBXFileReference; lastKnownFileType = folder.assetcatalog; path = Assets.xcassets; sourceTree = "<group>"; };
		CCF5732D1EC8315D000B91D8 /* Base */ = {isa = PBXFileReference; lastKnownFileType = file.storyboard; name = Base; path = Base.lproj/LaunchScreen.storyboard; sourceTree = "<group>"; };
		CCF5732F1EC8315D000B91D8 /* Info.plist */ = {isa = PBXFileReference; lastKnownFileType = text.plist.xml; path = Info.plist; sourceTree = "<group>"; };
		CCF573351EC840FC000B91D8 /* CustomTextField.swift */ = {isa = PBXFileReference; fileEncoding = 4; lastKnownFileType = sourcecode.swift; path = CustomTextField.swift; sourceTree = "<group>"; };
		CCFF4C5F1EC991DC00CB19A0 /* NewsTableViewCell.swift */ = {isa = PBXFileReference; fileEncoding = 4; lastKnownFileType = sourcecode.swift; path = NewsTableViewCell.swift; sourceTree = "<group>"; };
		CCFF4C611EC9920900CB19A0 /* NewsObject.swift */ = {isa = PBXFileReference; fileEncoding = 4; lastKnownFileType = sourcecode.swift; path = NewsObject.swift; sourceTree = "<group>"; };
		CCFF4C631EC9928400CB19A0 /* CarousellTableViewCell.swift */ = {isa = PBXFileReference; fileEncoding = 4; lastKnownFileType = sourcecode.swift; path = CarousellTableViewCell.swift; sourceTree = "<group>"; };
/* End PBXFileReference section */

/* Begin PBXFrameworksBuildPhase section */
		CCF5731D1EC8315D000B91D8 /* Frameworks */ = {
			isa = PBXFrameworksBuildPhase;
			buildActionMask = 2147483647;
			files = (
			);
			runOnlyForDeploymentPostprocessing = 0;
		};
/* End PBXFrameworksBuildPhase section */

/* Begin PBXGroup section */
		CCF573171EC8315D000B91D8 = {
			isa = PBXGroup;
			children = (
				CCF573221EC8315D000B91D8 /* TopEats */,
				CCF573211EC8315D000B91D8 /* Products */,
			);
			sourceTree = "<group>";
		};
		CCF573211EC8315D000B91D8 /* Products */ = {
			isa = PBXGroup;
			children = (
				CCF573201EC8315D000B91D8 /* TopEats.app */,
			);
			name = Products;
			sourceTree = "<group>";
		};
		CCF573221EC8315D000B91D8 /* TopEats */ = {
			isa = PBXGroup;
			children = (
				CCFF4C651EC9940900CB19A0 /* Custom UI */,
				CCFF4C5A1EC95FB500CB19A0 /* Controller */,
				CCFF4C591EC95FB000CB19A0 /* View */,
				CCFF4C581EC95FAA00CB19A0 /* Model */,
				CCF573231EC8315D000B91D8 /* AppDelegate.swift */,
				CCF5732A1EC8315D000B91D8 /* Assets.xcassets */,
				CCF5732F1EC8315D000B91D8 /* Info.plist */,
			);
			path = TopEats;
			sourceTree = "<group>";
		};
		CCFF4C581EC95FAA00CB19A0 /* Model */ = {
			isa = PBXGroup;
			children = (
				CCFF4C611EC9920900CB19A0 /* NewsObject.swift */,
			);
			name = Model;
			sourceTree = "<group>";
		};
		CCFF4C591EC95FB000CB19A0 /* View */ = {
			isa = PBXGroup;
			children = (
				CCB8B28E1ECA30820080EB1A /* FeaturedContent.xib */,
				CCF5732C1EC8315D000B91D8 /* LaunchScreen.storyboard */,
				CCF573271EC8315D000B91D8 /* Main.storyboard */,
			);
			name = View;
			sourceTree = "<group>";
		};
		CCFF4C5A1EC95FB500CB19A0 /* Controller */ = {
			isa = PBXGroup;
			children = (
				CCF573251EC8315D000B91D8 /* ViewController.swift */,
				CCB874401ECD568600A246F7 /* FeaturedContentViewController.swift */,
				CCB8743E1ECD2D7900A246F7 /* MasterViewController.swift */,
			);
			name = Controller;
			sourceTree = "<group>";
		};
		CCFF4C651EC9940900CB19A0 /* Custom UI */ = {
			isa = PBXGroup;
			children = (
				CCF573351EC840FC000B91D8 /* CustomTextField.swift */,
				CCFF4C631EC9928400CB19A0 /* CarousellTableViewCell.swift */,
				CCB8B2901ECA325F0080EB1A /* FeaturedContentView.swift */,
				CCFF4C5F1EC991DC00CB19A0 /* NewsTableViewCell.swift */,
			);
			name = "Custom UI";
			sourceTree = "<group>";
		};
/* End PBXGroup section */

/* Begin PBXNativeTarget section */
		CCF5731F1EC8315D000B91D8 /* TopEats */ = {
			isa = PBXNativeTarget;
			buildConfigurationList = CCF573321EC8315D000B91D8 /* Build configuration list for PBXNativeTarget "TopEats" */;
			buildPhases = (
				CCF5731C1EC8315D000B91D8 /* Sources */,
				CCF5731D1EC8315D000B91D8 /* Frameworks */,
				CCF5731E1EC8315D000B91D8 /* Resources */,
			);
			buildRules = (
			);
			dependencies = (
			);
			name = TopEats;
			productName = TopEats;
			productReference = CCF573201EC8315D000B91D8 /* TopEats.app */;
			productType = "com.apple.product-type.application";
		};
/* End PBXNativeTarget section */

/* Begin PBXProject section */
		CCF573181EC8315D000B91D8 /* Project object */ = {
			isa = PBXProject;
			attributes = {
				LastSwiftUpdateCheck = 0830;
				LastUpgradeCheck = 0830;
				ORGANIZATIONNAME = RainbowApps;
				TargetAttributes = {
					CCF5731F1EC8315D000B91D8 = {
						CreatedOnToolsVersion = 8.3.2;
						DevelopmentTeam = CM33HK3T4N;
						ProvisioningStyle = Automatic;
					};
				};
			};
			buildConfigurationList = CCF5731B1EC8315D000B91D8 /* Build configuration list for PBXProject "TopEats" */;
			compatibilityVersion = "Xcode 3.2";
			developmentRegion = English;
			hasScannedForEncodings = 0;
			knownRegions = (
				en,
				Base,
			);
			mainGroup = CCF573171EC8315D000B91D8;
			productRefGroup = CCF573211EC8315D000B91D8 /* Products */;
			projectDirPath = "";
			projectRoot = "";
			targets = (
				CCF5731F1EC8315D000B91D8 /* TopEats */,
			);
		};
/* End PBXProject section */

/* Begin PBXResourcesBuildPhase section */
		CCF5731E1EC8315D000B91D8 /* Resources */ = {
			isa = PBXResourcesBuildPhase;
			buildActionMask = 2147483647;
			files = (
				CCF5732E1EC8315D000B91D8 /* LaunchScreen.storyboard in Resources */,
				CCF5732B1EC8315D000B91D8 /* Assets.xcassets in Resources */,
				CCF573291EC8315D000B91D8 /* Main.storyboard in Resources */,
				CCB8B28F1ECA30820080EB1A /* FeaturedContent.xib in Resources */,
			);
			runOnlyForDeploymentPostprocessing = 0;
		};
/* End PBXResourcesBuildPhase section */

/* Begin PBXSourcesBuildPhase section */
		CCF5731C1EC8315D000B91D8 /* Sources */ = {
			isa = PBXSourcesBuildPhase;
			buildActionMask = 2147483647;
			files = (
				CCB874411ECD568600A246F7 /* FeaturedContentViewController.swift in Sources */,
				CCF573261EC8315D000B91D8 /* ViewController.swift in Sources */,
				CCF573241EC8315D000B91D8 /* AppDelegate.swift in Sources */,
				CCB8B2911ECA325F0080EB1A /* FeaturedContentView.swift in Sources */,
				CCFF4C601EC991DC00CB19A0 /* NewsTableViewCell.swift in Sources */,
				CCFF4C641EC9928400CB19A0 /* CarousellTableViewCell.swift in Sources */,
				CCB8743F1ECD2D7900A246F7 /* MasterViewController.swift in Sources */,
				CCFF4C621EC9920900CB19A0 /* NewsObject.swift in Sources */,
				CCF573361EC840FC000B91D8 /* CustomTextField.swift in Sources */,
			);
			runOnlyForDeploymentPostprocessing = 0;
		};
/* End PBXSourcesBuildPhase section */

/* Begin PBXVariantGroup section */
		CCF573271EC8315D000B91D8 /* Main.storyboard */ = {
			isa = PBXVariantGroup;
			children = (
				CCF573281EC8315D000B91D8 /* Base */,
			);
			name = Main.storyboard;
			sourceTree = "<group>";
		};
		CCF5732C1EC8315D000B91D8 /* LaunchScreen.storyboard */ = {
			isa = PBXVariantGroup;
			children = (
				CCF5732D1EC8315D000B91D8 /* Base */,
			);
			name = LaunchScreen.storyboard;
			sourceTree = "<group>";
		};
/* End PBXVariantGroup section */

/* Begin XCBuildConfiguration section */
		CCF573301EC8315D000B91D8 /* Debug */ = {
			isa = XCBuildConfiguration;
			buildSettings = {
				ALWAYS_SEARCH_USER_PATHS = NO;
				CLANG_ANALYZER_NONNULL = YES;
				CLANG_ANALYZER_NUMBER_OBJECT_CONVERSION = YES_AGGRESSIVE;
				CLANG_CXX_LANGUAGE_STANDARD = "gnu++0x";
				CLANG_CXX_LIBRARY = "libc++";
				CLANG_ENABLE_MODULES = YES;
				CLANG_ENABLE_OBJC_ARC = YES;
				CLANG_WARN_BOOL_CONVERSION = YES;
				CLANG_WARN_CONSTANT_CONVERSION = YES;
				CLANG_WARN_DIRECT_OBJC_ISA_USAGE = YES_ERROR;
				CLANG_WARN_DOCUMENTATION_COMMENTS = YES;
				CLANG_WARN_EMPTY_BODY = YES;
				CLANG_WARN_ENUM_CONVERSION = YES;
				CLANG_WARN_INFINITE_RECURSION = YES;
				CLANG_WARN_INT_CONVERSION = YES;
				CLANG_WARN_OBJC_ROOT_CLASS = YES_ERROR;
				CLANG_WARN_SUSPICIOUS_MOVE = YES;
				CLANG_WARN_UNREACHABLE_CODE = YES;
				CLANG_WARN__DUPLICATE_METHOD_MATCH = YES;
				"CODE_SIGN_IDENTITY[sdk=iphoneos*]" = "iPhone Developer";
				COPY_PHASE_STRIP = NO;
				DEBUG_INFORMATION_FORMAT = dwarf;
				ENABLE_STRICT_OBJC_MSGSEND = YES;
				ENABLE_TESTABILITY = YES;
				GCC_C_LANGUAGE_STANDARD = gnu99;
				GCC_DYNAMIC_NO_PIC = NO;
				GCC_NO_COMMON_BLOCKS = YES;
				GCC_OPTIMIZATION_LEVEL = 0;
				GCC_PREPROCESSOR_DEFINITIONS = (
					"DEBUG=1",
					"$(inherited)",
				);
				GCC_WARN_64_TO_32_BIT_CONVERSION = YES;
				GCC_WARN_ABOUT_RETURN_TYPE = YES_ERROR;
				GCC_WARN_UNDECLARED_SELECTOR = YES;
				GCC_WARN_UNINITIALIZED_AUTOS = YES_AGGRESSIVE;
				GCC_WARN_UNUSED_FUNCTION = YES;
				GCC_WARN_UNUSED_VARIABLE = YES;
				IPHONEOS_DEPLOYMENT_TARGET = 10.3;
				MTL_ENABLE_DEBUG_INFO = YES;
				ONLY_ACTIVE_ARCH = YES;
				SDKROOT = iphoneos;
				SWIFT_ACTIVE_COMPILATION_CONDITIONS = DEBUG;
				SWIFT_OPTIMIZATION_LEVEL = "-Onone";
			};
			name = Debug;
		};
		CCF573311EC8315D000B91D8 /* Release */ = {
			isa = XCBuildConfiguration;
			buildSettings = {
				ALWAYS_SEARCH_USER_PATHS = NO;
				CLANG_ANALYZER_NONNULL = YES;
				CLANG_ANALYZER_NUMBER_OBJECT_CONVERSION = YES_AGGRESSIVE;
				CLANG_CXX_LANGUAGE_STANDARD = "gnu++0x";
				CLANG_CXX_LIBRARY = "libc++";
				CLANG_ENABLE_MODULES = YES;
				CLANG_ENABLE_OBJC_ARC = YES;
				CLANG_WARN_BOOL_CONVERSION = YES;
				CLANG_WARN_CONSTANT_CONVERSION = YES;
				CLANG_WARN_DIRECT_OBJC_ISA_USAGE = YES_ERROR;
				CLANG_WARN_DOCUMENTATION_COMMENTS = YES;
				CLANG_WARN_EMPTY_BODY = YES;
				CLANG_WARN_ENUM_CONVERSION = YES;
				CLANG_WARN_INFINITE_RECURSION = YES;
				CLANG_WARN_INT_CONVERSION = YES;
				CLANG_WARN_OBJC_ROOT_CLASS = YES_ERROR;
				CLANG_WARN_SUSPICIOUS_MOVE = YES;
				CLANG_WARN_UNREACHABLE_CODE = YES;
				CLANG_WARN__DUPLICATE_METHOD_MATCH = YES;
				"CODE_SIGN_IDENTITY[sdk=iphoneos*]" = "iPhone Developer";
				COPY_PHASE_STRIP = NO;
				DEBUG_INFORMATION_FORMAT = "dwarf-with-dsym";
				ENABLE_NS_ASSERTIONS = NO;
				ENABLE_STRICT_OBJC_MSGSEND = YES;
				GCC_C_LANGUAGE_STANDARD = gnu99;
				GCC_NO_COMMON_BLOCKS = YES;
				GCC_WARN_64_TO_32_BIT_CONVERSION = YES;
				GCC_WARN_ABOUT_RETURN_TYPE = YES_ERROR;
				GCC_WARN_UNDECLARED_SELECTOR = YES;
				GCC_WARN_UNINITIALIZED_AUTOS = YES_AGGRESSIVE;
				GCC_WARN_UNUSED_FUNCTION = YES;
				GCC_WARN_UNUSED_VARIABLE = YES;
				IPHONEOS_DEPLOYMENT_TARGET = 10.3;
				MTL_ENABLE_DEBUG_INFO = NO;
				SDKROOT = iphoneos;
				SWIFT_OPTIMIZATION_LEVEL = "-Owholemodule";
				VALIDATE_PRODUCT = YES;
			};
			name = Release;
		};
		CCF573331EC8315D000B91D8 /* Debug */ = {
			isa = XCBuildConfiguration;
			buildSettings = {
				ASSETCATALOG_COMPILER_APPICON_NAME = AppIcon;
				DEVELOPMENT_TEAM = CM33HK3T4N;
				INFOPLIST_FILE = TopEats/Info.plist;
				IPHONEOS_DEPLOYMENT_TARGET = 9.1;
				LD_RUNPATH_SEARCH_PATHS = "$(inherited) @executable_path/Frameworks";
				PRODUCT_BUNDLE_IDENTIFIER = com.pacificcoastapps.TopEats;
				PRODUCT_NAME = "$(TARGET_NAME)";
				SWIFT_VERSION = 3.0;
			};
			name = Debug;
		};
		CCF573341EC8315D000B91D8 /* Release */ = {
			isa = XCBuildConfiguration;
			buildSettings = {
				ASSETCATALOG_COMPILER_APPICON_NAME = AppIcon;
				DEVELOPMENT_TEAM = CM33HK3T4N;
				INFOPLIST_FILE = TopEats/Info.plist;
				IPHONEOS_DEPLOYMENT_TARGET = 9.1;
				LD_RUNPATH_SEARCH_PATHS = "$(inherited) @executable_path/Frameworks";
				PRODUCT_BUNDLE_IDENTIFIER = com.pacificcoastapps.TopEats;
				PRODUCT_NAME = "$(TARGET_NAME)";
				SWIFT_VERSION = 3.0;
			};
			name = Release;
		};
/* End XCBuildConfiguration section */

/* Begin XCConfigurationList section */
		CCF5731B1EC8315D000B91D8 /* Build configuration list for PBXProject "TopEats" */ = {
			isa = XCConfigurationList;
			buildConfigurations = (
				CCF573301EC8315D000B91D8 /* Debug */,
				CCF573311EC8315D000B91D8 /* Release */,
			);
			defaultConfigurationIsVisible = 0;
			defaultConfigurationName = Release;
		};
		CCF573321EC8315D000B91D8 /* Build configuration list for PBXNativeTarget "TopEats" */ = {
			isa = XCConfigurationList;
			buildConfigurations = (
				CCF573331EC8315D000B91D8 /* Debug */,
				CCF573341EC8315D000B91D8 /* Release */,
			);
			defaultConfigurationIsVisible = 0;
			defaultConfigurationName = Release;
		};
/* End XCConfigurationList section */
	};
	rootObject = CCF573181EC8315D000B91D8 /* Project object */;
}
