// !$*UTF8*$!
{
	archiveVersion = 1;
	classes = {
	};
	objectVersion = 46;
	objects = {

/* Begin PBXBuildFile section */
		CCDC395D1EF4E1D9000ECACD /* AppDelegate.swift in Sources */ = {isa = PBXBuildFile; fileRef = CCDC395C1EF4E1D9000ECACD /* AppDelegate.swift */; };
		CCDC395F1EF4E1D9000ECACD /* ViewController.swift in Sources */ = {isa = PBXBuildFile; fileRef = CCDC395E1EF4E1D9000ECACD /* ViewController.swift */; };
		CCDC39621EF4E1D9000ECACD /* Main.storyboard in Resources */ = {isa = PBXBuildFile; fileRef = CCDC39601EF4E1D9000ECACD /* Main.storyboard */; };
		CCDC39651EF4E1D9000ECACD /* cdata.xcdatamodeld in Sources */ = {isa = PBXBuildFile; fileRef = CCDC39631EF4E1D9000ECACD /* cdata.xcdatamodeld */; };
		CCDC39671EF4E1D9000ECACD /* Assets.xcassets in Resources */ = {isa = PBXBuildFile; fileRef = CCDC39661EF4E1D9000ECACD /* Assets.xcassets */; };
		CCDC396A1EF4E1D9000ECACD /* LaunchScreen.storyboard in Resources */ = {isa = PBXBuildFile; fileRef = CCDC39681EF4E1D9000ECACD /* LaunchScreen.storyboard */; };
/* End PBXBuildFile section */

/* Begin PBXFileReference section */
		CCDC39591EF4E1D9000ECACD /* cdata.app */ = {isa = PBXFileReference; explicitFileType = wrapper.application; includeInIndex = 0; path = cdata.app; sourceTree = BUILT_PRODUCTS_DIR; };
		CCDC395C1EF4E1D9000ECACD /* AppDelegate.swift */ = {isa = PBXFileReference; lastKnownFileType = sourcecode.swift; path = AppDelegate.swift; sourceTree = "<group>"; };
		CCDC395E1EF4E1D9000ECACD /* ViewController.swift */ = {isa = PBXFileReference; lastKnownFileType = sourcecode.swift; path = ViewController.swift; sourceTree = "<group>"; };
		CCDC39611EF4E1D9000ECACD /* Base */ = {isa = PBXFileReference; lastKnownFileType = file.storyboard; name = Base; path = Base.lproj/Main.storyboard; sourceTree = "<group>"; };
		CCDC39641EF4E1D9000ECACD /* cdata.xcdatamodel */ = {isa = PBXFileReference; lastKnownFileType = wrapper.xcdatamodel; path = cdata.xcdatamodel; sourceTree = "<group>"; };
		CCDC39661EF4E1D9000ECACD /* Assets.xcassets */ = {isa = PBXFileReference; lastKnownFileType = folder.assetcatalog; path = Assets.xcassets; sourceTree = "<group>"; };
		CCDC39691EF4E1D9000ECACD /* Base */ = {isa = PBXFileReference; lastKnownFileType = file.storyboard; name = Base; path = Base.lproj/LaunchScreen.storyboard; sourceTree = "<group>"; };
		CCDC396B1EF4E1D9000ECACD /* Info.plist */ = {isa = PBXFileReference; lastKnownFileType = text.plist.xml; path = Info.plist; sourceTree = "<group>"; };
/* End PBXFileReference section */

/* Begin PBXFrameworksBuildPhase section */
		CCDC39561EF4E1D9000ECACD /* Frameworks */ = {
			isa = PBXFrameworksBuildPhase;
			buildActionMask = 2147483647;
			files = (
			);
			runOnlyForDeploymentPostprocessing = 0;
		};
/* End PBXFrameworksBuildPhase section */

/* Begin PBXGroup section */
		CCDC39501EF4E1D9000ECACD = {
			isa = PBXGroup;
			children = (
				CCDC395B1EF4E1D9000ECACD /* cdata */,
				CCDC395A1EF4E1D9000ECACD /* Products */,
			);
			sourceTree = "<group>";
		};
		CCDC395A1EF4E1D9000ECACD /* Products */ = {
			isa = PBXGroup;
			children = (
				CCDC39591EF4E1D9000ECACD /* cdata.app */,
			);
			name = Products;
			sourceTree = "<group>";
		};
		CCDC395B1EF4E1D9000ECACD /* cdata */ = {
			isa = PBXGroup;
			children = (
				CCDC395C1EF4E1D9000ECACD /* AppDelegate.swift */,
				CCDC395E1EF4E1D9000ECACD /* ViewController.swift */,
				CCDC39601EF4E1D9000ECACD /* Main.storyboard */,
				CCDC39661EF4E1D9000ECACD /* Assets.xcassets */,
				CCDC39681EF4E1D9000ECACD /* LaunchScreen.storyboard */,
				CCDC396B1EF4E1D9000ECACD /* Info.plist */,
				CCDC39631EF4E1D9000ECACD /* cdata.xcdatamodeld */,
			);
			path = cdata;
			sourceTree = "<group>";
		};
/* End PBXGroup section */

/* Begin PBXNativeTarget section */
		CCDC39581EF4E1D9000ECACD /* cdata */ = {
			isa = PBXNativeTarget;
			buildConfigurationList = CCDC396E1EF4E1D9000ECACD /* Build configuration list for PBXNativeTarget "cdata" */;
			buildPhases = (
				CCDC39551EF4E1D9000ECACD /* Sources */,
				CCDC39561EF4E1D9000ECACD /* Frameworks */,
				CCDC39571EF4E1D9000ECACD /* Resources */,
			);
			buildRules = (
			);
			dependencies = (
			);
			name = cdata;
			productName = cdata;
			productReference = CCDC39591EF4E1D9000ECACD /* cdata.app */;
			productType = "com.apple.product-type.application";
		};
/* End PBXNativeTarget section */

/* Begin PBXProject section */
		CCDC39511EF4E1D9000ECACD /* Project object */ = {
			isa = PBXProject;
			attributes = {
				LastSwiftUpdateCheck = 0830;
				LastUpgradeCheck = 0830;
				ORGANIZATIONNAME = RainbowApps;
				TargetAttributes = {
					CCDC39581EF4E1D9000ECACD = {
						CreatedOnToolsVersion = 8.3.3;
						ProvisioningStyle = Automatic;
					};
				};
			};
			buildConfigurationList = CCDC39541EF4E1D9000ECACD /* Build configuration list for PBXProject "cdata" */;
			compatibilityVersion = "Xcode 3.2";
			developmentRegion = English;
			hasScannedForEncodings = 0;
			knownRegions = (
				en,
				Base,
			);
			mainGroup = CCDC39501EF4E1D9000ECACD;
			productRefGroup = CCDC395A1EF4E1D9000ECACD /* Products */;
			projectDirPath = "";
			projectRoot = "";
			targets = (
				CCDC39581EF4E1D9000ECACD /* cdata */,
			);
		};
/* End PBXProject section */

/* Begin PBXResourcesBuildPhase section */
		CCDC39571EF4E1D9000ECACD /* Resources */ = {
			isa = PBXResourcesBuildPhase;
			buildActionMask = 2147483647;
			files = (
				CCDC396A1EF4E1D9000ECACD /* LaunchScreen.storyboard in Resources */,
				CCDC39671EF4E1D9000ECACD /* Assets.xcassets in Resources */,
				CCDC39621EF4E1D9000ECACD /* Main.storyboard in Resources */,
			);
			runOnlyForDeploymentPostprocessing = 0;
		};
/* End PBXResourcesBuildPhase section */

/* Begin PBXSourcesBuildPhase section */
		CCDC39551EF4E1D9000ECACD /* Sources */ = {
			isa = PBXSourcesBuildPhase;
			buildActionMask = 2147483647;
			files = (
				CCDC39651EF4E1D9000ECACD /* cdata.xcdatamodeld in Sources */,
				CCDC395F1EF4E1D9000ECACD /* ViewController.swift in Sources */,
				CCDC395D1EF4E1D9000ECACD /* AppDelegate.swift in Sources */,
			);
			runOnlyForDeploymentPostprocessing = 0;
		};
/* End PBXSourcesBuildPhase section */

/* Begin PBXVariantGroup section */
		CCDC39601EF4E1D9000ECACD /* Main.storyboard */ = {
			isa = PBXVariantGroup;
			children = (
				CCDC39611EF4E1D9000ECACD /* Base */,
			);
			name = Main.storyboard;
			sourceTree = "<group>";
		};
		CCDC39681EF4E1D9000ECACD /* LaunchScreen.storyboard */ = {
			isa = PBXVariantGroup;
			children = (
				CCDC39691EF4E1D9000ECACD /* Base */,
			);
			name = LaunchScreen.storyboard;
			sourceTree = "<group>";
		};
/* End PBXVariantGroup section */

/* Begin XCBuildConfiguration section */
		CCDC396C1EF4E1D9000ECACD /* Debug */ = {
			isa = XCBuildConfiguration;
			buildSettings = {
				ALWAYS_SEARCH_USER_PATHS = NO;
				CLANG_ANALYZER_NONNULL = YES;
				CLANG_ANALYZER_NUMBER_OBJECT_CONVERSION = YES_AGGRESSIVE;
				CLANG_CXX_LANGUAGE_STANDARD = "gnu++0x";
				CLANG_CXX_LIBRARY = "libc++";
				CLANG_ENABLE_MODULES = YES;
				CLANG_ENABLE_OBJC_ARC = YES;
				CLANG_WARN_BOOL_CONVERSION = YES;
				CLANG_WARN_CONSTANT_CONVERSION = YES;
				CLANG_WARN_DIRECT_OBJC_ISA_USAGE = YES_ERROR;
				CLANG_WARN_DOCUMENTATION_COMMENTS = YES;
				CLANG_WARN_EMPTY_BODY = YES;
				CLANG_WARN_ENUM_CONVERSION = YES;
				CLANG_WARN_INFINITE_RECURSION = YES;
				CLANG_WARN_INT_CONVERSION = YES;
				CLANG_WARN_OBJC_ROOT_CLASS = YES_ERROR;
				CLANG_WARN_SUSPICIOUS_MOVE = YES;
				CLANG_WARN_UNREACHABLE_CODE = YES;
				CLANG_WARN__DUPLICATE_METHOD_MATCH = YES;
				"CODE_SIGN_IDENTITY[sdk=iphoneos*]" = "iPhone Developer";
				COPY_PHASE_STRIP = NO;
				DEBUG_INFORMATION_FORMAT = dwarf;
				ENABLE_STRICT_OBJC_MSGSEND = YES;
				ENABLE_TESTABILITY = YES;
				GCC_C_LANGUAGE_STANDARD = gnu99;
				GCC_DYNAMIC_NO_PIC = NO;
				GCC_NO_COMMON_BLOCKS = YES;
				GCC_OPTIMIZATION_LEVEL = 0;
				GCC_PREPROCESSOR_DEFINITIONS = (
					"DEBUG=1",
					"$(inherited)",
				);
				GCC_WARN_64_TO_32_BIT_CONVERSION = YES;
				GCC_WARN_ABOUT_RETURN_TYPE = YES_ERROR;
				GCC_WARN_UNDECLARED_SELECTOR = YES;
				GCC_WARN_UNINITIALIZED_AUTOS = YES_AGGRESSIVE;
				GCC_WARN_UNUSED_FUNCTION = YES;
				GCC_WARN_UNUSED_VARIABLE = YES;
				IPHONEOS_DEPLOYMENT_TARGET = 10.3;
				MTL_ENABLE_DEBUG_INFO = YES;
				ONLY_ACTIVE_ARCH = YES;
				SDKROOT = iphoneos;
				SWIFT_ACTIVE_COMPILATION_CONDITIONS = DEBUG;
				SWIFT_OPTIMIZATION_LEVEL = "-Onone";
			};
			name = Debug;
		};
		CCDC396D1EF4E1D9000ECACD /* Release */ = {
			isa = XCBuildConfiguration;
			buildSettings = {
				ALWAYS_SEARCH_USER_PATHS = NO;
				CLANG_ANALYZER_NONNULL = YES;
				CLANG_ANALYZER_NUMBER_OBJECT_CONVERSION = YES_AGGRESSIVE;
				CLANG_CXX_LANGUAGE_STANDARD = "gnu++0x";
				CLANG_CXX_LIBRARY = "libc++";
				CLANG_ENABLE_MODULES = YES;
				CLANG_ENABLE_OBJC_ARC = YES;
				CLANG_WARN_BOOL_CONVERSION = YES;
				CLANG_WARN_CONSTANT_CONVERSION = YES;
				CLANG_WARN_DIRECT_OBJC_ISA_USAGE = YES_ERROR;
				CLANG_WARN_DOCUMENTATION_COMMENTS = YES;
				CLANG_WARN_EMPTY_BODY = YES;
				CLANG_WARN_ENUM_CONVERSION = YES;
				CLANG_WARN_INFINITE_RECURSION = YES;
				CLANG_WARN_INT_CONVERSION = YES;
				CLANG_WARN_OBJC_ROOT_CLASS = YES_ERROR;
				CLANG_WARN_SUSPICIOUS_MOVE = YES;
				CLANG_WARN_UNREACHABLE_CODE = YES;
				CLANG_WARN__DUPLICATE_METHOD_MATCH = YES;
				"CODE_SIGN_IDENTITY[sdk=iphoneos*]" = "iPhone Developer";
				COPY_PHASE_STRIP = NO;
				DEBUG_INFORMATION_FORMAT = "dwarf-with-dsym";
				ENABLE_NS_ASSERTIONS = NO;
				ENABLE_STRICT_OBJC_MSGSEND = YES;
				GCC_C_LANGUAGE_STANDARD = gnu99;
				GCC_NO_COMMON_BLOCKS = YES;
				GCC_WARN_64_TO_32_BIT_CONVERSION = YES;
				GCC_WARN_ABOUT_RETURN_TYPE = YES_ERROR;
				GCC_WARN_UNDECLARED_SELECTOR = YES;
				GCC_WARN_UNINITIALIZED_AUTOS = YES_AGGRESSIVE;
				GCC_WARN_UNUSED_FUNCTION = YES;
				GCC_WARN_UNUSED_VARIABLE = YES;
				IPHONEOS_DEPLOYMENT_TARGET = 10.3;
				MTL_ENABLE_DEBUG_INFO = NO;
				SDKROOT = iphoneos;
				SWIFT_OPTIMIZATION_LEVEL = "-Owholemodule";
				VALIDATE_PRODUCT = YES;
			};
			name = Release;
		};
		CCDC396F1EF4E1D9000ECACD /* Debug */ = {
			isa = XCBuildConfiguration;
			buildSettings = {
				ASSETCATALOG_COMPILER_APPICON_NAME = AppIcon;
				INFOPLIST_FILE = cdata/Info.plist;
				LD_RUNPATH_SEARCH_PATHS = "$(inherited) @executable_path/Frameworks";
				PRODUCT_BUNDLE_IDENTIFIER = com.rainbowapps.cdata;
				PRODUCT_NAME = "$(TARGET_NAME)";
				SWIFT_VERSION = 3.0;
			};
			name = Debug;
		};
		CCDC39701EF4E1D9000ECACD /* Release */ = {
			isa = XCBuildConfiguration;
			buildSettings = {
				ASSETCATALOG_COMPILER_APPICON_NAME = AppIcon;
				INFOPLIST_FILE = cdata/Info.plist;
				LD_RUNPATH_SEARCH_PATHS = "$(inherited) @executable_path/Frameworks";
				PRODUCT_BUNDLE_IDENTIFIER = com.rainbowapps.cdata;
				PRODUCT_NAME = "$(TARGET_NAME)";
				SWIFT_VERSION = 3.0;
			};
			name = Release;
		};
/* End XCBuildConfiguration section */

/* Begin XCConfigurationList section */
		CCDC39541EF4E1D9000ECACD /* Build configuration list for PBXProject "cdata" */ = {
			isa = XCConfigurationList;
			buildConfigurations = (
				CCDC396C1EF4E1D9000ECACD /* Debug */,
				CCDC396D1EF4E1D9000ECACD /* Release */,
			);
			defaultConfigurationIsVisible = 0;
			defaultConfigurationName = Release;
		};
		CCDC396E1EF4E1D9000ECACD /* Build configuration list for PBXNativeTarget "cdata" */ = {
			isa = XCConfigurationList;
			buildConfigurations = (
				CCDC396F1EF4E1D9000ECACD /* Debug */,
				CCDC39701EF4E1D9000ECACD /* Release */,
			);
			defaultConfigurationIsVisible = 0;
		};
/* End XCConfigurationList section */

/* Begin XCVersionGroup section */
		CCDC39631EF4E1D9000ECACD /* cdata.xcdatamodeld */ = {
			isa = XCVersionGroup;
			children = (
				CCDC39641EF4E1D9000ECACD /* cdata.xcdatamodel */,
			);
			currentVersion = CCDC39641EF4E1D9000ECACD /* cdata.xcdatamodel */;
			path = cdata.xcdatamodeld;
			sourceTree = "<group>";
			versionGroupType = wrapper.xcdatamodel;
		};
/* End XCVersionGroup section */
	};
	rootObject = CCDC39511EF4E1D9000ECACD /* Project object */;
}
